
Microsoft Visual Studio Solution File, Format Version 12.00
# Visual Studio Version 16
VisualStudioVersion = 16.0.31424.327
MinimumVisualStudioVersion = 10.0.40219.1
Project("{FAE04EC0-301F-11D3-BF4B-00C04F79EFBC}") = "Superhéroes", "Superhéroes\Superhéroes.csproj", "{F5339041-B283-4450-9DBB-E72CC816CBE3}"
EndProject
Global
	GlobalSection(SolutionConfigurationPlatforms) = preSolution
		Debug|Any CPU = Debug|Any CPU
		Release|Any CPU = Release|Any CPU
	EndGlobalSection
	GlobalSection(ProjectConfigurationPlatforms) = postSolution
		{F5339041-B283-4450-9DBB-E72CC816CBE3}.Debug|Any CPU.ActiveCfg = Debug|Any CPU
		{F5339041-B283-4450-9DBB-E72CC816CBE3}.Debug|Any CPU.Build.0 = Debug|Any CPU
		{F5339041-B283-4450-9DBB-E72CC816CBE3}.Release|Any CPU.ActiveCfg = Release|Any CPU
		{F5339041-B283-4450-9DBB-E72CC816CBE3}.Release|Any CPU.Build.0 = Release|Any CPU
	EndGlobalSection
	GlobalSection(SolutionProperties) = preSolution
		HideSolutionNode = FALSE
	EndGlobalSection
	GlobalSection(ExtensibilityGlobals) = postSolution
		SolutionGuid = {7DC939D1-E0A6-4AF4-9F0B-8498087296E6}
	EndGlobalSection
EndGlobal
